
Microsoft Visual Studio Solution File, Format Version 12.00
# Visual Studio Version 17
VisualStudioVersion = 17.3.32929.385
MinimumVisualStudioVersion = 10.0.40219.1
Project("{888888A0-9F3D-457C-B088-3A5042F75D52}") = "论文查重", "论文查重.pyproj", "{D4DCD228-5FC4-4BBC-9204-F52353B9FEFF}"
EndProject
Global
	GlobalSection(SolutionConfigurationPlatforms) = preSolution
		Debug|Any CPU = Debug|Any CPU
		Release|Any CPU = Release|Any CPU
	EndGlobalSection
	GlobalSection(ProjectConfigurationPlatforms) = postSolution
		{D4DCD228-5FC4-4BBC-9204-F52353B9FEFF}.Debug|Any CPU.ActiveCfg = Debug|Any CPU
		{D4DCD228-5FC4-4BBC-9204-F52353B9FEFF}.Release|Any CPU.ActiveCfg = Release|Any CPU
	EndGlobalSection
	GlobalSection(SolutionProperties) = preSolution
		HideSolutionNode = FALSE
	EndGlobalSection
	GlobalSection(ExtensibilityGlobals) = postSolution
		SolutionGuid = {99779AFE-02BB-4C20-BEEF-FE66A2C08474}
	EndGlobalSection
EndGlobal
